
Microsoft Visual Studio Solution File, Format Version 12.00
# Visual Studio Version 17
VisualStudioVersion = 17.11.35208.52
MinimumVisualStudioVersion = 10.0.40219.1
Project("{2150E333-8FDC-42A3-9474-1A3956D46DE8}") = "src", "src", "{997481D5-0A38-4F0C-BCDE-639989FB07F8}"
EndProject
Project("{9A19103F-16F7-4668-BE54-9A1E7A4F7556}") = "HairSalon.Core", "HairSalon.Core\HairSalon.Core.csproj", "{88F8EC83-4ABC-46F0-BC72-477BBDADF930}"
EndProject
Project("{9A19103F-16F7-4668-BE54-9A1E7A4F7556}") = "HairSalon.Dto", "HairSalon.Dto\HairSalon.Dto.csproj", "{57ABDE8E-30A9-4FBE-B21D-0286A47A8253}"
EndProject
Project("{9A19103F-16F7-4668-BE54-9A1E7A4F7556}") = "HairSalon.Infrastructure", "HairSalon.Infrastructure\HairSalon.Infrastructure.csproj", "{59764C05-6EFB-48B5-984C-92665BBD842A}"
EndProject
Project("{9A19103F-16F7-4668-BE54-9A1E7A4F7556}") = "HairSalon.Service", "HairSalon.Service\HairSalon.Service.csproj", "{43A66136-8174-4E40-957B-E56FCD2F41CD}"
EndProject
Project("{2150E333-8FDC-42A3-9474-1A3956D46DE8}") = "test", "test", "{FE86B293-1C6B-4A30-A8B0-366E6B82B3A3}"
EndProject
Project("{9A19103F-16F7-4668-BE54-9A1E7A4F7556}") = "TestProject1", "TestProject1\TestProject1.csproj", "{7D8A19EC-9BC9-434E-899C-F73D7474EE1B}"
EndProject
Project("{9A19103F-16F7-4668-BE54-9A1E7A4F7556}") = "HairSalon.Web", "HairSalon.Web\HairSalon.Web.csproj", "{888B66B0-65DA-4C64-8901-7CB649CB7883}"
EndProject
Project("{9A19103F-16F7-4668-BE54-9A1E7A4F7556}") = "HairSalon.Api", "HairSalon.Api\HairSalon.Api.csproj", "{6CEE7DAE-4B11-496A-BB54-7CA8D96DEAD1}"
EndProject
Global
	GlobalSection(SolutionConfigurationPlatforms) = preSolution
		Debug|Any CPU = Debug|Any CPU
		Release|Any CPU = Release|Any CPU
	EndGlobalSection
	GlobalSection(ProjectConfigurationPlatforms) = postSolution
		{88F8EC83-4ABC-46F0-BC72-477BBDADF930}.Debug|Any CPU.ActiveCfg = Debug|Any CPU
		{88F8EC83-4ABC-46F0-BC72-477BBDADF930}.Debug|Any CPU.Build.0 = Debug|Any CPU
		{88F8EC83-4ABC-46F0-BC72-477BBDADF930}.Release|Any CPU.ActiveCfg = Release|Any CPU
		{88F8EC83-4ABC-46F0-BC72-477BBDADF930}.Release|Any CPU.Build.0 = Release|Any CPU
		{57ABDE8E-30A9-4FBE-B21D-0286A47A8253}.Debug|Any CPU.ActiveCfg = Debug|Any CPU
		{57ABDE8E-30A9-4FBE-B21D-0286A47A8253}.Debug|Any CPU.Build.0 = Debug|Any CPU
		{57ABDE8E-30A9-4FBE-B21D-0286A47A8253}.Release|Any CPU.ActiveCfg = Release|Any CPU
		{57ABDE8E-30A9-4FBE-B21D-0286A47A8253}.Release|Any CPU.Build.0 = Release|Any CPU
		{59764C05-6EFB-48B5-984C-92665BBD842A}.Debug|Any CPU.ActiveCfg = Debug|Any CPU
		{59764C05-6EFB-48B5-984C-92665BBD842A}.Debug|Any CPU.Build.0 = Debug|Any CPU
		{59764C05-6EFB-48B5-984C-92665BBD842A}.Release|Any CPU.ActiveCfg = Release|Any CPU
		{59764C05-6EFB-48B5-984C-92665BBD842A}.Release|Any CPU.Build.0 = Release|Any CPU
		{43A66136-8174-4E40-957B-E56FCD2F41CD}.Debug|Any CPU.ActiveCfg = Debug|Any CPU
		{43A66136-8174-4E40-957B-E56FCD2F41CD}.Debug|Any CPU.Build.0 = Debug|Any CPU
		{43A66136-8174-4E40-957B-E56FCD2F41CD}.Release|Any CPU.ActiveCfg = Release|Any CPU
		{43A66136-8174-4E40-957B-E56FCD2F41CD}.Release|Any CPU.Build.0 = Release|Any CPU
		{7D8A19EC-9BC9-434E-899C-F73D7474EE1B}.Debug|Any CPU.ActiveCfg = Debug|Any CPU
		{7D8A19EC-9BC9-434E-899C-F73D7474EE1B}.Debug|Any CPU.Build.0 = Debug|Any CPU
		{7D8A19EC-9BC9-434E-899C-F73D7474EE1B}.Release|Any CPU.ActiveCfg = Release|Any CPU
		{7D8A19EC-9BC9-434E-899C-F73D7474EE1B}.Release|Any CPU.Build.0 = Release|Any CPU
		{888B66B0-65DA-4C64-8901-7CB649CB7883}.Debug|Any CPU.ActiveCfg = Debug|Any CPU
		{888B66B0-65DA-4C64-8901-7CB649CB7883}.Debug|Any CPU.Build.0 = Debug|Any CPU
		{888B66B0-65DA-4C64-8901-7CB649CB7883}.Release|Any CPU.ActiveCfg = Release|Any CPU
		{888B66B0-65DA-4C64-8901-7CB649CB7883}.Release|Any CPU.Build.0 = Release|Any CPU
		{6CEE7DAE-4B11-496A-BB54-7CA8D96DEAD1}.Debug|Any CPU.ActiveCfg = Debug|Any CPU
		{6CEE7DAE-4B11-496A-BB54-7CA8D96DEAD1}.Debug|Any CPU.Build.0 = Debug|Any CPU
		{6CEE7DAE-4B11-496A-BB54-7CA8D96DEAD1}.Release|Any CPU.ActiveCfg = Release|Any CPU
		{6CEE7DAE-4B11-496A-BB54-7CA8D96DEAD1}.Release|Any CPU.Build.0 = Release|Any CPU
	EndGlobalSection
	GlobalSection(SolutionProperties) = preSolution
		HideSolutionNode = FALSE
	EndGlobalSection
	GlobalSection(NestedProjects) = preSolution
		{88F8EC83-4ABC-46F0-BC72-477BBDADF930} = {997481D5-0A38-4F0C-BCDE-639989FB07F8}
		{57ABDE8E-30A9-4FBE-B21D-0286A47A8253} = {997481D5-0A38-4F0C-BCDE-639989FB07F8}
		{59764C05-6EFB-48B5-984C-92665BBD842A} = {997481D5-0A38-4F0C-BCDE-639989FB07F8}
		{43A66136-8174-4E40-957B-E56FCD2F41CD} = {997481D5-0A38-4F0C-BCDE-639989FB07F8}
		{7D8A19EC-9BC9-434E-899C-F73D7474EE1B} = {FE86B293-1C6B-4A30-A8B0-366E6B82B3A3}
		{888B66B0-65DA-4C64-8901-7CB649CB7883} = {997481D5-0A38-4F0C-BCDE-639989FB07F8}
		{6CEE7DAE-4B11-496A-BB54-7CA8D96DEAD1} = {997481D5-0A38-4F0C-BCDE-639989FB07F8}
	EndGlobalSection
	GlobalSection(ExtensibilityGlobals) = postSolution
		SolutionGuid = {C3C0B124-A8A3-423A-8DFA-9CA4B3898FD7}
	EndGlobalSection
EndGlobal
