
Microsoft Visual Studio Solution File, Format Version 12.00
# Visual Studio Version 17
VisualStudioVersion = 17.11.35208.52
MinimumVisualStudioVersion = 10.0.40219.1
Project("{2150E333-8FDC-42A3-9474-1A3956D46DE8}") = "src", "src", "{997481D5-0A38-4F0C-BCDE-639989FB07F8}"
EndProject
Project("{FAE04EC0-301F-11D3-BF4B-00C04F79EFBC}") = "API", "API\API.csproj", "{42166BA1-B1C2-47F7-B002-FE7D10B8E44E}"
EndProject
Global
	GlobalSection(SolutionConfigurationPlatforms) = preSolution
		Debug|Any CPU = Debug|Any CPU
		Release|Any CPU = Release|Any CPU
	EndGlobalSection
	GlobalSection(ProjectConfigurationPlatforms) = postSolution
		{42166BA1-B1C2-47F7-B002-FE7D10B8E44E}.Debug|Any CPU.ActiveCfg = Debug|Any CPU
		{42166BA1-B1C2-47F7-B002-FE7D10B8E44E}.Debug|Any CPU.Build.0 = Debug|Any CPU
		{42166BA1-B1C2-47F7-B002-FE7D10B8E44E}.Release|Any CPU.ActiveCfg = Release|Any CPU
		{42166BA1-B1C2-47F7-B002-FE7D10B8E44E}.Release|Any CPU.Build.0 = Release|Any CPU
	EndGlobalSection
	GlobalSection(SolutionProperties) = preSolution
		HideSolutionNode = FALSE
	EndGlobalSection
	GlobalSection(NestedProjects) = preSolution
		{42166BA1-B1C2-47F7-B002-FE7D10B8E44E} = {997481D5-0A38-4F0C-BCDE-639989FB07F8}
	EndGlobalSection
	GlobalSection(ExtensibilityGlobals) = postSolution
		SolutionGuid = {C3C0B124-A8A3-423A-8DFA-9CA4B3898FD7}
	EndGlobalSection
EndGlobal
